
Microsoft Visual Studio Solution File, Format Version 12.00
# Visual Studio Version 16
VisualStudioVersion = 16.0.29411.108
MinimumVisualStudioVersion = 10.0.40219.1
Project("{9A19103F-16F7-4668-BE54-9A1E7A4F7556}") = "Examensuppgift - Pierre Lidholm", "Examensuppgift - Pierre Lidholm\Examensuppgift - Pierre Lidholm.csproj", "{109F404E-E9FD-4EAD-B24B-51A0382B2B4F}"
	ProjectSection(ProjectDependencies) = postProject
		{53058C1C-2122-401A-BB55-E0BABF4FEF7C} = {53058C1C-2122-401A-BB55-E0BABF4FEF7C}
		{AAA1B2D5-AEF4-491F-A76E-8E1219843FA5} = {AAA1B2D5-AEF4-491F-A76E-8E1219843FA5}
	EndProjectSection
EndProject
Project("{9A19103F-16F7-4668-BE54-9A1E7A4F7556}") = "DataInterface", "DataInterface\DataInterface.csproj", "{53058C1C-2122-401A-BB55-E0BABF4FEF7C}"
EndProject
Project("{9A19103F-16F7-4668-BE54-9A1E7A4F7556}") = "DataAccess", "DataAccess\DataAccess.csproj", "{AAA1B2D5-AEF4-491F-A76E-8E1219843FA5}"
	ProjectSection(ProjectDependencies) = postProject
		{53058C1C-2122-401A-BB55-E0BABF4FEF7C} = {53058C1C-2122-401A-BB55-E0BABF4FEF7C}
	EndProjectSection
EndProject
Project("{9A19103F-16F7-4668-BE54-9A1E7A4F7556}") = "UnitTest", "UnitTest\UnitTest.csproj", "{7A3F21E7-B288-4A34-AEF3-2C5D7CD77E61}"
	ProjectSection(ProjectDependencies) = postProject
		{53058C1C-2122-401A-BB55-E0BABF4FEF7C} = {53058C1C-2122-401A-BB55-E0BABF4FEF7C}
		{109F404E-E9FD-4EAD-B24B-51A0382B2B4F} = {109F404E-E9FD-4EAD-B24B-51A0382B2B4F}
	EndProjectSection
EndProject
Global
	GlobalSection(SolutionConfigurationPlatforms) = preSolution
		Debug|Any CPU = Debug|Any CPU
		Release|Any CPU = Release|Any CPU
	EndGlobalSection
	GlobalSection(ProjectConfigurationPlatforms) = postSolution
		{109F404E-E9FD-4EAD-B24B-51A0382B2B4F}.Debug|Any CPU.ActiveCfg = Debug|Any CPU
		{109F404E-E9FD-4EAD-B24B-51A0382B2B4F}.Debug|Any CPU.Build.0 = Debug|Any CPU
		{109F404E-E9FD-4EAD-B24B-51A0382B2B4F}.Release|Any CPU.ActiveCfg = Release|Any CPU
		{109F404E-E9FD-4EAD-B24B-51A0382B2B4F}.Release|Any CPU.Build.0 = Release|Any CPU
		{53058C1C-2122-401A-BB55-E0BABF4FEF7C}.Debug|Any CPU.ActiveCfg = Debug|Any CPU
		{53058C1C-2122-401A-BB55-E0BABF4FEF7C}.Debug|Any CPU.Build.0 = Debug|Any CPU
		{53058C1C-2122-401A-BB55-E0BABF4FEF7C}.Release|Any CPU.ActiveCfg = Release|Any CPU
		{53058C1C-2122-401A-BB55-E0BABF4FEF7C}.Release|Any CPU.Build.0 = Release|Any CPU
		{AAA1B2D5-AEF4-491F-A76E-8E1219843FA5}.Debug|Any CPU.ActiveCfg = Debug|Any CPU
		{AAA1B2D5-AEF4-491F-A76E-8E1219843FA5}.Debug|Any CPU.Build.0 = Debug|Any CPU
		{AAA1B2D5-AEF4-491F-A76E-8E1219843FA5}.Release|Any CPU.ActiveCfg = Release|Any CPU
		{AAA1B2D5-AEF4-491F-A76E-8E1219843FA5}.Release|Any CPU.Build.0 = Release|Any CPU
		{7A3F21E7-B288-4A34-AEF3-2C5D7CD77E61}.Debug|Any CPU.ActiveCfg = Debug|Any CPU
		{7A3F21E7-B288-4A34-AEF3-2C5D7CD77E61}.Debug|Any CPU.Build.0 = Debug|Any CPU
		{7A3F21E7-B288-4A34-AEF3-2C5D7CD77E61}.Release|Any CPU.ActiveCfg = Release|Any CPU
		{7A3F21E7-B288-4A34-AEF3-2C5D7CD77E61}.Release|Any CPU.Build.0 = Release|Any CPU
	EndGlobalSection
	GlobalSection(SolutionProperties) = preSolution
		HideSolutionNode = FALSE
	EndGlobalSection
	GlobalSection(ExtensibilityGlobals) = postSolution
		SolutionGuid = {30FFD2E8-2848-4621-A253-BF37A62FAA00}
	EndGlobalSection
EndGlobal
